
Microsoft Visual Studio Solution File, Format Version 11.00
# Visual Studio 2010
Project("{8BC9CEB8-8B4A-11D0-8D11-00A0C91BC942}") = "201321047_주수강_5", "201321047_주수강_5\201321047_주수강_5.vcxproj", "{4BF55F58-C2B6-4F12-90D1-6DF72F3A7AFF}"
EndProject
Global
	GlobalSection(SolutionConfigurationPlatforms) = preSolution
		Debug|Win32 = Debug|Win32
		Release|Win32 = Release|Win32
	EndGlobalSection
	GlobalSection(ProjectConfigurationPlatforms) = postSolution
		{4BF55F58-C2B6-4F12-90D1-6DF72F3A7AFF}.Debug|Win32.ActiveCfg = Debug|Win32
		{4BF55F58-C2B6-4F12-90D1-6DF72F3A7AFF}.Debug|Win32.Build.0 = Debug|Win32
		{4BF55F58-C2B6-4F12-90D1-6DF72F3A7AFF}.Release|Win32.ActiveCfg = Release|Win32
		{4BF55F58-C2B6-4F12-90D1-6DF72F3A7AFF}.Release|Win32.Build.0 = Release|Win32
	EndGlobalSection
	GlobalSection(SolutionProperties) = preSolution
		HideSolutionNode = FALSE
	EndGlobalSection
EndGlobal
